{
  "name": "virune-generated-scale-determinism-golden",
  "version": "0.0.0",
  "lockfileVersion": 3,
  "requires": true,
  "packages": {
    "": {
      "name": "virune-generated-scale-determinism-golden",
      "version": "0.0.0",
      "license": "Apache-2.0",
      "engines": {
        "node": ">=24.0.0"
      }
    }
  }
}
