{
  "name": "virune-runtime-resolution-golden",
  "version": "0.0.0",
  "lockfileVersion": 3,
  "requires": true,
  "packages": {
    "": {
      "name": "virune-runtime-resolution-golden",
      "version": "0.0.0",
      "dependencies": {
        "@virune-golden/runtime-shapes": "file:./fixtures/runtime-shapes"
      }
    },
    "fixtures/runtime-shapes": {
      "name": "@virune-golden/runtime-shapes",
      "version": "1.0.0"
    },
    "node_modules/@virune-golden/runtime-shapes": {
      "resolved": "fixtures/runtime-shapes",
      "link": true
    }
  }
}
